
Microsoft Visual Studio Solution File, Format Version 11.00
# Visual Studio 2010
Project("{FAE04EC0-301F-11D3-BF4B-00C04F79EFBC}") = "Wiki", "Wiki\Wiki.csproj", "{9010358F-AA9F-41DF-A6D0-2C7E57D95CBD}"
EndProject
Project("{FAE04EC0-301F-11D3-BF4B-00C04F79EFBC}") = "Wiki.Tests", "Wiki.Tests\Wiki.Tests.csproj", "{A925F27F-7A27-475C-B00C-7A975C641F62}"
EndProject
Global
	GlobalSection(SolutionConfigurationPlatforms) = preSolution
		Debug|Any CPU = Debug|Any CPU
		Release|Any CPU = Release|Any CPU
	EndGlobalSection
	GlobalSection(ProjectConfigurationPlatforms) = postSolution
		{9010358F-AA9F-41DF-A6D0-2C7E57D95CBD}.Debug|Any CPU.ActiveCfg = Debug|Any CPU
		{9010358F-AA9F-41DF-A6D0-2C7E57D95CBD}.Debug|Any CPU.Build.0 = Debug|Any CPU
		{9010358F-AA9F-41DF-A6D0-2C7E57D95CBD}.Release|Any CPU.ActiveCfg = Release|Any CPU
		{9010358F-AA9F-41DF-A6D0-2C7E57D95CBD}.Release|Any CPU.Build.0 = Release|Any CPU
		{A925F27F-7A27-475C-B00C-7A975C641F62}.Debug|Any CPU.ActiveCfg = Debug|Any CPU
		{A925F27F-7A27-475C-B00C-7A975C641F62}.Debug|Any CPU.Build.0 = Debug|Any CPU
		{A925F27F-7A27-475C-B00C-7A975C641F62}.Release|Any CPU.ActiveCfg = Release|Any CPU
		{A925F27F-7A27-475C-B00C-7A975C641F62}.Release|Any CPU.Build.0 = Release|Any CPU
	EndGlobalSection
	GlobalSection(SolutionProperties) = preSolution
		HideSolutionNode = FALSE
	EndGlobalSection
EndGlobal
